
Microsoft Visual Studio Solution File, Format Version 12.00
# Visual Studio Version 16
VisualStudioVersion = 16.0.31424.327
MinimumVisualStudioVersion = 10.0.40219.1
Project("{9A19103F-16F7-4668-BE54-9A1E7A4F7556}") = "SignatureFieldWithBlazorServer", "SignatureFieldWithBlazorServer.csproj", "{82A8A6F8-2744-4C51-ACF7-61384B3BAEB6}"
EndProject
Project("{9A19103F-16F7-4668-BE54-9A1E7A4F7556}") = "NTIPDF.Utility", "..\NTIPDF\NTIPDF.Utility.csproj", "{197D6152-1738-489E-93A8-2157FCD3B795}"
EndProject
Global
	GlobalSection(SolutionConfigurationPlatforms) = preSolution
		Debug|Any CPU = Debug|Any CPU
		Release|Any CPU = Release|Any CPU
	EndGlobalSection
	GlobalSection(ProjectConfigurationPlatforms) = postSolution
		{82A8A6F8-2744-4C51-ACF7-61384B3BAEB6}.Debug|Any CPU.ActiveCfg = Debug|Any CPU
		{82A8A6F8-2744-4C51-ACF7-61384B3BAEB6}.Debug|Any CPU.Build.0 = Debug|Any CPU
		{82A8A6F8-2744-4C51-ACF7-61384B3BAEB6}.Release|Any CPU.ActiveCfg = Release|Any CPU
		{82A8A6F8-2744-4C51-ACF7-61384B3BAEB6}.Release|Any CPU.Build.0 = Release|Any CPU
		{197D6152-1738-489E-93A8-2157FCD3B795}.Debug|Any CPU.ActiveCfg = Debug|Any CPU
		{197D6152-1738-489E-93A8-2157FCD3B795}.Debug|Any CPU.Build.0 = Debug|Any CPU
		{197D6152-1738-489E-93A8-2157FCD3B795}.Release|Any CPU.ActiveCfg = Release|Any CPU
		{197D6152-1738-489E-93A8-2157FCD3B795}.Release|Any CPU.Build.0 = Release|Any CPU
	EndGlobalSection
	GlobalSection(SolutionProperties) = preSolution
		HideSolutionNode = FALSE
	EndGlobalSection
	GlobalSection(ExtensibilityGlobals) = postSolution
		SolutionGuid = {4DB53377-4E89-4F72-AB3F-4C00D56FBB77}
	EndGlobalSection
EndGlobal
